{
  "pins" : [
    {
      "identity" : "hw-transport-ios-ble",
      "kind" : "remoteSourceControl",
      "location" : "https://github.com/jup-ag/hw-transport-ios-ble",
      "state" : {
        "revision" : "1da533cdb1b014778898baf95ce3e54fad1a8ede",
        "version" : "1.2.0"
      }
    }
  ],
  "version" : 2
}
